
Microsoft Visual Studio Solution File, Format Version 12.00
# Visual Studio Version 16
VisualStudioVersion = 16.0.32002.261
MinimumVisualStudioVersion = 10.0.40219.1
Project("{FAE04EC0-301F-11D3-BF4B-00C04F79EFBC}") = "6", "6\6.csproj", "{EEDBFDCD-B2E2-47A7-8521-977B97070225}"
EndProject
Global
	GlobalSection(SolutionConfigurationPlatforms) = preSolution
		Debug|Any CPU = Debug|Any CPU
		Release|Any CPU = Release|Any CPU
	EndGlobalSection
	GlobalSection(ProjectConfigurationPlatforms) = postSolution
		{EEDBFDCD-B2E2-47A7-8521-977B97070225}.Debug|Any CPU.ActiveCfg = Debug|Any CPU
		{EEDBFDCD-B2E2-47A7-8521-977B97070225}.Debug|Any CPU.Build.0 = Debug|Any CPU
		{EEDBFDCD-B2E2-47A7-8521-977B97070225}.Release|Any CPU.ActiveCfg = Release|Any CPU
		{EEDBFDCD-B2E2-47A7-8521-977B97070225}.Release|Any CPU.Build.0 = Release|Any CPU
	EndGlobalSection
	GlobalSection(SolutionProperties) = preSolution
		HideSolutionNode = FALSE
	EndGlobalSection
	GlobalSection(ExtensibilityGlobals) = postSolution
		SolutionGuid = {2AE7FBD3-6326-42D7-B02C-BAEDECC3CCB8}
	EndGlobalSection
EndGlobal
